// !$*UTF8*$!
{
	archiveVersion = 1;
	classes = {
	};
	objectVersion = 51;
	objects = {

/* Begin PBXBuildFile section */
		1DF6F963246AA6A900C812A7 /* UIImageView+Extensions.swift in Sources */ = {isa = PBXBuildFile; fileRef = 1DF6F962246AA6A900C812A7 /* UIImageView+Extensions.swift */; };
		1DF6F965246AA6D400C812A7 /* TableViewCell.swift in Sources */ = {isa = PBXBuildFile; fileRef = 1DF6F964246AA6D400C812A7 /* TableViewCell.swift */; };
		1DF6F967246AA6EC00C812A7 /* Facts.swift in Sources */ = {isa = PBXBuildFile; fileRef = 1DF6F966246AA6EC00C812A7 /* Facts.swift */; };
		1DF6F969246AA7F700C812A7 /* UseCases.swift in Sources */ = {isa = PBXBuildFile; fileRef = 1DF6F968246AA7F700C812A7 /* UseCases.swift */; };
		1DF6F96B246AA80200C812A7 /* Store.swift in Sources */ = {isa = PBXBuildFile; fileRef = 1DF6F96A246AA80200C812A7 /* Store.swift */; };
		1DF6F96D246AA80D00C812A7 /* RESTLoaderService.swift in Sources */ = {isa = PBXBuildFile; fileRef = 1DF6F96C246AA80D00C812A7 /* RESTLoaderService.swift */; };
		1DF6F96F246AA85100C812A7 /* LoaderService.swift in Sources */ = {isa = PBXBuildFile; fileRef = 1DF6F96E246AA85100C812A7 /* LoaderService.swift */; };
		1DF6F971246AAF1000C812A7 /* ViewModel.swift in Sources */ = {isa = PBXBuildFile; fileRef = 1DF6F970246AAF1000C812A7 /* ViewModel.swift */; };
		1DFDE703246A925300F27918 /* AppDelegate.swift in Sources */ = {isa = PBXBuildFile; fileRef = 1DFDE702246A925300F27918 /* AppDelegate.swift */; };
		1DFDE705246A925300F27918 /* SceneDelegate.swift in Sources */ = {isa = PBXBuildFile; fileRef = 1DFDE704246A925300F27918 /* SceneDelegate.swift */; };
		1DFDE707246A925300F27918 /* ViewController.swift in Sources */ = {isa = PBXBuildFile; fileRef = 1DFDE706246A925300F27918 /* ViewController.swift */; };
		1DFDE70C246A925700F27918 /* Assets.xcassets in Resources */ = {isa = PBXBuildFile; fileRef = 1DFDE70B246A925700F27918 /* Assets.xcassets */; };
		1DFDE70F246A925700F27918 /* LaunchScreen.storyboard in Resources */ = {isa = PBXBuildFile; fileRef = 1DFDE70D246A925700F27918 /* LaunchScreen.storyboard */; };
		8C0D43C8A9E66D3D748347B8 /* Pods_guidelines.framework in Frameworks */ = {isa = PBXBuildFile; fileRef = 4A65A656083886902146C616 /* Pods_guidelines.framework */; };
/* End PBXBuildFile section */

/* Begin PBXFileReference section */
		1DF6F962246AA6A900C812A7 /* UIImageView+Extensions.swift */ = {isa = PBXFileReference; lastKnownFileType = sourcecode.swift; path = "UIImageView+Extensions.swift"; sourceTree = "<group>"; };
		1DF6F964246AA6D400C812A7 /* TableViewCell.swift */ = {isa = PBXFileReference; lastKnownFileType = sourcecode.swift; path = TableViewCell.swift; sourceTree = "<group>"; };
		1DF6F966246AA6EC00C812A7 /* Facts.swift */ = {isa = PBXFileReference; lastKnownFileType = sourcecode.swift; path = Facts.swift; sourceTree = "<group>"; };
		1DF6F968246AA7F700C812A7 /* UseCases.swift */ = {isa = PBXFileReference; lastKnownFileType = sourcecode.swift; path = UseCases.swift; sourceTree = "<group>"; };
		1DF6F96A246AA80200C812A7 /* Store.swift */ = {isa = PBXFileReference; lastKnownFileType = sourcecode.swift; path = Store.swift; sourceTree = "<group>"; };
		1DF6F96C246AA80D00C812A7 /* RESTLoaderService.swift */ = {isa = PBXFileReference; lastKnownFileType = sourcecode.swift; path = RESTLoaderService.swift; sourceTree = "<group>"; };
		1DF6F96E246AA85100C812A7 /* LoaderService.swift */ = {isa = PBXFileReference; lastKnownFileType = sourcecode.swift; path = LoaderService.swift; sourceTree = "<group>"; };
		1DF6F970246AAF1000C812A7 /* ViewModel.swift */ = {isa = PBXFileReference; lastKnownFileType = sourcecode.swift; path = ViewModel.swift; sourceTree = "<group>"; };
		1DFDE6FF246A925300F27918 /* guidelines.app */ = {isa = PBXFileReference; explicitFileType = wrapper.application; includeInIndex = 0; path = guidelines.app; sourceTree = BUILT_PRODUCTS_DIR; };
		1DFDE702246A925300F27918 /* AppDelegate.swift */ = {isa = PBXFileReference; lastKnownFileType = sourcecode.swift; path = AppDelegate.swift; sourceTree = "<group>"; };
		1DFDE704246A925300F27918 /* SceneDelegate.swift */ = {isa = PBXFileReference; lastKnownFileType = sourcecode.swift; path = SceneDelegate.swift; sourceTree = "<group>"; };
		1DFDE706246A925300F27918 /* ViewController.swift */ = {isa = PBXFileReference; lastKnownFileType = sourcecode.swift; path = ViewController.swift; sourceTree = "<group>"; };
		1DFDE70B246A925700F27918 /* Assets.xcassets */ = {isa = PBXFileReference; lastKnownFileType = folder.assetcatalog; path = Assets.xcassets; sourceTree = "<group>"; };
		1DFDE70E246A925700F27918 /* Base */ = {isa = PBXFileReference; lastKnownFileType = file.storyboard; name = Base; path = Base.lproj/LaunchScreen.storyboard; sourceTree = "<group>"; };
		1DFDE710246A925700F27918 /* Info.plist */ = {isa = PBXFileReference; lastKnownFileType = text.plist.xml; path = Info.plist; sourceTree = "<group>"; };
		2ADDF76CD45EBCF303EA2622 /* Pods-guidelines.debug.xcconfig */ = {isa = PBXFileReference; includeInIndex = 1; lastKnownFileType = text.xcconfig; name = "Pods-guidelines.debug.xcconfig"; path = "Target Support Files/Pods-guidelines/Pods-guidelines.debug.xcconfig"; sourceTree = "<group>"; };
		4A65A656083886902146C616 /* Pods_guidelines.framework */ = {isa = PBXFileReference; explicitFileType = wrapper.framework; includeInIndex = 0; path = Pods_guidelines.framework; sourceTree = BUILT_PRODUCTS_DIR; };
		F614B3218C3EB1F5595A8F09 /* Pods-guidelines.release.xcconfig */ = {isa = PBXFileReference; includeInIndex = 1; lastKnownFileType = text.xcconfig; name = "Pods-guidelines.release.xcconfig"; path = "Target Support Files/Pods-guidelines/Pods-guidelines.release.xcconfig"; sourceTree = "<group>"; };
/* End PBXFileReference section */

/* Begin PBXFrameworksBuildPhase section */
		1DFDE6FC246A925300F27918 /* Frameworks */ = {
			isa = PBXFrameworksBuildPhase;
			buildActionMask = 2147483647;
			files = (
				8C0D43C8A9E66D3D748347B8 /* Pods_guidelines.framework in Frameworks */,
			);
			runOnlyForDeploymentPostprocessing = 0;
		};
/* End PBXFrameworksBuildPhase section */

/* Begin PBXGroup section */
		1DF6F961246AA68C00C812A7 /* Utilities */ = {
			isa = PBXGroup;
			children = (
				1DF6F962246AA6A900C812A7 /* UIImageView+Extensions.swift */,
			);
			path = Utilities;
			sourceTree = "<group>";
		};
		1DFDE6F6246A925300F27918 = {
			isa = PBXGroup;
			children = (
				1DFDE701246A925300F27918 /* guidelines */,
				1DFDE700246A925300F27918 /* Products */,
				6D9FF83FA8A3D821B833EE5D /* Pods */,
				730DAAA8A6C0B9EEE56548E5 /* Frameworks */,
			);
			sourceTree = "<group>";
		};
		1DFDE700246A925300F27918 /* Products */ = {
			isa = PBXGroup;
			children = (
				1DFDE6FF246A925300F27918 /* guidelines.app */,
			);
			name = Products;
			sourceTree = "<group>";
		};
		1DFDE701246A925300F27918 /* guidelines */ = {
			isa = PBXGroup;
			children = (
				1DFDE71A246A97B000F27918 /* Service */,
				1DFDE719246A97AA00F27918 /* Domain */,
				1DFDE718246A97A400F27918 /* Model */,
				1DFDE717246A979200F27918 /* Flow */,
				1DFDE716246A978700F27918 /* Presentation */,
				1DF6F961246AA68C00C812A7 /* Utilities */,
				1DFDE70B246A925700F27918 /* Assets.xcassets */,
				1DFDE70D246A925700F27918 /* LaunchScreen.storyboard */,
				1DFDE710246A925700F27918 /* Info.plist */,
			);
			path = guidelines;
			sourceTree = "<group>";
		};
		1DFDE716246A978700F27918 /* Presentation */ = {
			isa = PBXGroup;
			children = (
				1DFDE706246A925300F27918 /* ViewController.swift */,
				1DF6F964246AA6D400C812A7 /* TableViewCell.swift */,
				1DF6F970246AAF1000C812A7 /* ViewModel.swift */,
			);
			path = Presentation;
			sourceTree = "<group>";
		};
		1DFDE717246A979200F27918 /* Flow */ = {
			isa = PBXGroup;
			children = (
				1DFDE702246A925300F27918 /* AppDelegate.swift */,
				1DFDE704246A925300F27918 /* SceneDelegate.swift */,
			);
			path = Flow;
			sourceTree = "<group>";
		};
		1DFDE718246A97A400F27918 /* Model */ = {
			isa = PBXGroup;
			children = (
				1DF6F966246AA6EC00C812A7 /* Facts.swift */,
			);
			path = Model;
			sourceTree = "<group>";
		};
		1DFDE719246A97AA00F27918 /* Domain */ = {
			isa = PBXGroup;
			children = (
				1DF6F968246AA7F700C812A7 /* UseCases.swift */,
				1DF6F96A246AA80200C812A7 /* Store.swift */,
			);
			path = Domain;
			sourceTree = "<group>";
		};
		1DFDE71A246A97B000F27918 /* Service */ = {
			isa = PBXGroup;
			children = (
				1DF6F96C246AA80D00C812A7 /* RESTLoaderService.swift */,
				1DF6F96E246AA85100C812A7 /* LoaderService.swift */,
			);
			path = Service;
			sourceTree = "<group>";
		};
		6D9FF83FA8A3D821B833EE5D /* Pods */ = {
			isa = PBXGroup;
			children = (
				2ADDF76CD45EBCF303EA2622 /* Pods-guidelines.debug.xcconfig */,
				F614B3218C3EB1F5595A8F09 /* Pods-guidelines.release.xcconfig */,
			);
			path = Pods;
			sourceTree = "<group>";
		};
		730DAAA8A6C0B9EEE56548E5 /* Frameworks */ = {
			isa = PBXGroup;
			children = (
				4A65A656083886902146C616 /* Pods_guidelines.framework */,
			);
			name = Frameworks;
			sourceTree = "<group>";
		};
/* End PBXGroup section */

/* Begin PBXNativeTarget section */
		1DFDE6FE246A925300F27918 /* guidelines */ = {
			isa = PBXNativeTarget;
			buildConfigurationList = 1DFDE713246A925700F27918 /* Build configuration list for PBXNativeTarget "guidelines" */;
			buildPhases = (
				69E44DF028113FF35E134490 /* [CP] Check Pods Manifest.lock */,
				1DFDE6FB246A925300F27918 /* Sources */,
				1DFDE6FC246A925300F27918 /* Frameworks */,
				1DFDE6FD246A925300F27918 /* Resources */,
				E1619C147E8370D6BEE38B85 /* [CP] Embed Pods Frameworks */,
			);
			buildRules = (
			);
			dependencies = (
			);
			name = guidelines;
			productName = guidelines;
			productReference = 1DFDE6FF246A925300F27918 /* guidelines.app */;
			productType = "com.apple.product-type.application";
		};
/* End PBXNativeTarget section */

/* Begin PBXProject section */
		1DFDE6F7246A925300F27918 /* Project object */ = {
			isa = PBXProject;
			attributes = {
				LastSwiftUpdateCheck = 1140;
				LastUpgradeCheck = 1140;
				ORGANIZATIONNAME = Realityworks;
				TargetAttributes = {
					1DFDE6FE246A925300F27918 = {
						CreatedOnToolsVersion = 11.4;
					};
				};
			};
			buildConfigurationList = 1DFDE6FA246A925300F27918 /* Build configuration list for PBXProject "guidelines" */;
			compatibilityVersion = "Xcode 9.3";
			developmentRegion = en;
			hasScannedForEncodings = 0;
			knownRegions = (
				en,
				Base,
			);
			mainGroup = 1DFDE6F6246A925300F27918;
			productRefGroup = 1DFDE700246A925300F27918 /* Products */;
			projectDirPath = "";
			projectRoot = "";
			targets = (
				1DFDE6FE246A925300F27918 /* guidelines */,
			);
		};
/* End PBXProject section */

/* Begin PBXResourcesBuildPhase section */
		1DFDE6FD246A925300F27918 /* Resources */ = {
			isa = PBXResourcesBuildPhase;
			buildActionMask = 2147483647;
			files = (
				1DFDE70F246A925700F27918 /* LaunchScreen.storyboard in Resources */,
				1DFDE70C246A925700F27918 /* Assets.xcassets in Resources */,
			);
			runOnlyForDeploymentPostprocessing = 0;
		};
/* End PBXResourcesBuildPhase section */

/* Begin PBXShellScriptBuildPhase section */
		69E44DF028113FF35E134490 /* [CP] Check Pods Manifest.lock */ = {
			isa = PBXShellScriptBuildPhase;
			buildActionMask = 2147483647;
			files = (
			);
			inputFileListPaths = (
			);
			inputPaths = (
				"${PODS_PODFILE_DIR_PATH}/Podfile.lock",
				"${PODS_ROOT}/Manifest.lock",
			);
			name = "[CP] Check Pods Manifest.lock";
			outputFileListPaths = (
			);
			outputPaths = (
				"$(DERIVED_FILE_DIR)/Pods-guidelines-checkManifestLockResult.txt",
			);
			runOnlyForDeploymentPostprocessing = 0;
			shellPath = /bin/sh;
			shellScript = "diff \"${PODS_PODFILE_DIR_PATH}/Podfile.lock\" \"${PODS_ROOT}/Manifest.lock\" > /dev/null\nif [ $? != 0 ] ; then\n    # print error to STDERR\n    echo \"error: The sandbox is not in sync with the Podfile.lock. Run 'pod install' or update your CocoaPods installation.\" >&2\n    exit 1\nfi\n# This output is used by Xcode 'outputs' to avoid re-running this script phase.\necho \"SUCCESS\" > \"${SCRIPT_OUTPUT_FILE_0}\"\n";
			showEnvVarsInLog = 0;
		};
		E1619C147E8370D6BEE38B85 /* [CP] Embed Pods Frameworks */ = {
			isa = PBXShellScriptBuildPhase;
			buildActionMask = 2147483647;
			files = (
			);
			inputFileListPaths = (
				"${PODS_ROOT}/Target Support Files/Pods-guidelines/Pods-guidelines-frameworks-${CONFIGURATION}-input-files.xcfilelist",
			);
			name = "[CP] Embed Pods Frameworks";
			outputFileListPaths = (
				"${PODS_ROOT}/Target Support Files/Pods-guidelines/Pods-guidelines-frameworks-${CONFIGURATION}-output-files.xcfilelist",
			);
			runOnlyForDeploymentPostprocessing = 0;
			shellPath = /bin/sh;
			shellScript = "\"${PODS_ROOT}/Target Support Files/Pods-guidelines/Pods-guidelines-frameworks.sh\"\n";
			showEnvVarsInLog = 0;
		};
/* End PBXShellScriptBuildPhase section */

/* Begin PBXSourcesBuildPhase section */
		1DFDE6FB246A925300F27918 /* Sources */ = {
			isa = PBXSourcesBuildPhase;
			buildActionMask = 2147483647;
			files = (
				1DF6F96D246AA80D00C812A7 /* RESTLoaderService.swift in Sources */,
				1DF6F965246AA6D400C812A7 /* TableViewCell.swift in Sources */,
				1DF6F967246AA6EC00C812A7 /* Facts.swift in Sources */,
				1DF6F971246AAF1000C812A7 /* ViewModel.swift in Sources */,
				1DF6F969246AA7F700C812A7 /* UseCases.swift in Sources */,
				1DF6F96B246AA80200C812A7 /* Store.swift in Sources */,
				1DFDE707246A925300F27918 /* ViewController.swift in Sources */,
				1DF6F96F246AA85100C812A7 /* LoaderService.swift in Sources */,
				1DFDE703246A925300F27918 /* AppDelegate.swift in Sources */,
				1DF6F963246AA6A900C812A7 /* UIImageView+Extensions.swift in Sources */,
				1DFDE705246A925300F27918 /* SceneDelegate.swift in Sources */,
			);
			runOnlyForDeploymentPostprocessing = 0;
		};
/* End PBXSourcesBuildPhase section */

/* Begin PBXVariantGroup section */
		1DFDE70D246A925700F27918 /* LaunchScreen.storyboard */ = {
			isa = PBXVariantGroup;
			children = (
				1DFDE70E246A925700F27918 /* Base */,
			);
			name = LaunchScreen.storyboard;
			sourceTree = "<group>";
		};
/* End PBXVariantGroup section */

/* Begin XCBuildConfiguration section */
		1DFDE711246A925700F27918 /* Debug */ = {
			isa = XCBuildConfiguration;
			buildSettings = {
				ALWAYS_SEARCH_USER_PATHS = NO;
				CLANG_ANALYZER_NONNULL = YES;
				CLANG_ANALYZER_NUMBER_OBJECT_CONVERSION = YES_AGGRESSIVE;
				CLANG_CXX_LANGUAGE_STANDARD = "gnu++14";
				CLANG_CXX_LIBRARY = "libc++";
				CLANG_ENABLE_MODULES = YES;
				CLANG_ENABLE_OBJC_ARC = YES;
				CLANG_ENABLE_OBJC_WEAK = YES;
				CLANG_WARN_BLOCK_CAPTURE_AUTORELEASING = YES;
				CLANG_WARN_BOOL_CONVERSION = YES;
				CLANG_WARN_COMMA = YES;
				CLANG_WARN_CONSTANT_CONVERSION = YES;
				CLANG_WARN_DEPRECATED_OBJC_IMPLEMENTATIONS = YES;
				CLANG_WARN_DIRECT_OBJC_ISA_USAGE = YES_ERROR;
				CLANG_WARN_DOCUMENTATION_COMMENTS = YES;
				CLANG_WARN_EMPTY_BODY = YES;
				CLANG_WARN_ENUM_CONVERSION = YES;
				CLANG_WARN_INFINITE_RECURSION = YES;
				CLANG_WARN_INT_CONVERSION = YES;
				CLANG_WARN_NON_LITERAL_NULL_CONVERSION = YES;
				CLANG_WARN_OBJC_IMPLICIT_RETAIN_SELF = YES;
				CLANG_WARN_OBJC_LITERAL_CONVERSION = YES;
				CLANG_WARN_OBJC_ROOT_CLASS = YES_ERROR;
				CLANG_WARN_RANGE_LOOP_ANALYSIS = YES;
				CLANG_WARN_STRICT_PROTOTYPES = YES;
				CLANG_WARN_SUSPICIOUS_MOVE = YES;
				CLANG_WARN_UNGUARDED_AVAILABILITY = YES_AGGRESSIVE;
				CLANG_WARN_UNREACHABLE_CODE = YES;
				CLANG_WARN__DUPLICATE_METHOD_MATCH = YES;
				COPY_PHASE_STRIP = NO;
				DEBUG_INFORMATION_FORMAT = dwarf;
				ENABLE_STRICT_OBJC_MSGSEND = YES;
				ENABLE_TESTABILITY = YES;
				GCC_C_LANGUAGE_STANDARD = gnu11;
				GCC_DYNAMIC_NO_PIC = NO;
				GCC_NO_COMMON_BLOCKS = YES;
				GCC_OPTIMIZATION_LEVEL = 0;
				GCC_PREPROCESSOR_DEFINITIONS = (
					"DEBUG=1",
					"$(inherited)",
				);
				GCC_WARN_64_TO_32_BIT_CONVERSION = YES;
				GCC_WARN_ABOUT_RETURN_TYPE = YES_ERROR;
				GCC_WARN_UNDECLARED_SELECTOR = YES;
				GCC_WARN_UNINITIALIZED_AUTOS = YES_AGGRESSIVE;
				GCC_WARN_UNUSED_FUNCTION = YES;
				GCC_WARN_UNUSED_VARIABLE = YES;
				IPHONEOS_DEPLOYMENT_TARGET = 13.4;
				MTL_ENABLE_DEBUG_INFO = INCLUDE_SOURCE;
				MTL_FAST_MATH = YES;
				ONLY_ACTIVE_ARCH = YES;
				SDKROOT = iphoneos;
				SWIFT_ACTIVE_COMPILATION_CONDITIONS = DEBUG;
				SWIFT_OPTIMIZATION_LEVEL = "-Onone";
			};
			name = Debug;
		};
		1DFDE712246A925700F27918 /* Release */ = {
			isa = XCBuildConfiguration;
			buildSettings = {
				ALWAYS_SEARCH_USER_PATHS = NO;
				CLANG_ANALYZER_NONNULL = YES;
				CLANG_ANALYZER_NUMBER_OBJECT_CONVERSION = YES_AGGRESSIVE;
				CLANG_CXX_LANGUAGE_STANDARD = "gnu++14";
				CLANG_CXX_LIBRARY = "libc++";
				CLANG_ENABLE_MODULES = YES;
				CLANG_ENABLE_OBJC_ARC = YES;
				CLANG_ENABLE_OBJC_WEAK = YES;
				CLANG_WARN_BLOCK_CAPTURE_AUTORELEASING = YES;
				CLANG_WARN_BOOL_CONVERSION = YES;
				CLANG_WARN_COMMA = YES;
				CLANG_WARN_CONSTANT_CONVERSION = YES;
				CLANG_WARN_DEPRECATED_OBJC_IMPLEMENTATIONS = YES;
				CLANG_WARN_DIRECT_OBJC_ISA_USAGE = YES_ERROR;
				CLANG_WARN_DOCUMENTATION_COMMENTS = YES;
				CLANG_WARN_EMPTY_BODY = YES;
				CLANG_WARN_ENUM_CONVERSION = YES;
				CLANG_WARN_INFINITE_RECURSION = YES;
				CLANG_WARN_INT_CONVERSION = YES;
				CLANG_WARN_NON_LITERAL_NULL_CONVERSION = YES;
				CLANG_WARN_OBJC_IMPLICIT_RETAIN_SELF = YES;
				CLANG_WARN_OBJC_LITERAL_CONVERSION = YES;
				CLANG_WARN_OBJC_ROOT_CLASS = YES_ERROR;
				CLANG_WARN_RANGE_LOOP_ANALYSIS = YES;
				CLANG_WARN_STRICT_PROTOTYPES = YES;
				CLANG_WARN_SUSPICIOUS_MOVE = YES;
				CLANG_WARN_UNGUARDED_AVAILABILITY = YES_AGGRESSIVE;
				CLANG_WARN_UNREACHABLE_CODE = YES;
				CLANG_WARN__DUPLICATE_METHOD_MATCH = YES;
				COPY_PHASE_STRIP = NO;
				DEBUG_INFORMATION_FORMAT = "dwarf-with-dsym";
				ENABLE_NS_ASSERTIONS = NO;
				ENABLE_STRICT_OBJC_MSGSEND = YES;
				GCC_C_LANGUAGE_STANDARD = gnu11;
				GCC_NO_COMMON_BLOCKS = YES;
				GCC_WARN_64_TO_32_BIT_CONVERSION = YES;
				GCC_WARN_ABOUT_RETURN_TYPE = YES_ERROR;
				GCC_WARN_UNDECLARED_SELECTOR = YES;
				GCC_WARN_UNINITIALIZED_AUTOS = YES_AGGRESSIVE;
				GCC_WARN_UNUSED_FUNCTION = YES;
				GCC_WARN_UNUSED_VARIABLE = YES;
				IPHONEOS_DEPLOYMENT_TARGET = 13.4;
				MTL_ENABLE_DEBUG_INFO = NO;
				MTL_FAST_MATH = YES;
				SDKROOT = iphoneos;
				SWIFT_COMPILATION_MODE = wholemodule;
				SWIFT_OPTIMIZATION_LEVEL = "-O";
				VALIDATE_PRODUCT = YES;
			};
			name = Release;
		};
		1DFDE714246A925700F27918 /* Debug */ = {
			isa = XCBuildConfiguration;
			baseConfigurationReference = 2ADDF76CD45EBCF303EA2622 /* Pods-guidelines.debug.xcconfig */;
			buildSettings = {
				ASSETCATALOG_COMPILER_APPICON_NAME = AppIcon;
				CODE_SIGN_STYLE = Automatic;
				DEVELOPMENT_TEAM = U9E7JWZWR9;
				INFOPLIST_FILE = guidelines/Info.plist;
				IPHONEOS_DEPLOYMENT_TARGET = 11.4;
				LD_RUNPATH_SEARCH_PATHS = (
					"$(inherited)",
					"@executable_path/Frameworks",
				);
				PRODUCT_BUNDLE_IDENTIFIER = Test.guidelines;
				PRODUCT_NAME = "$(TARGET_NAME)";
				SWIFT_VERSION = 5.0;
				TARGETED_DEVICE_FAMILY = "1,2";
			};
			name = Debug;
		};
		1DFDE715246A925700F27918 /* Release */ = {
			isa = XCBuildConfiguration;
			baseConfigurationReference = F614B3218C3EB1F5595A8F09 /* Pods-guidelines.release.xcconfig */;
			buildSettings = {
				ASSETCATALOG_COMPILER_APPICON_NAME = AppIcon;
				CODE_SIGN_STYLE = Automatic;
				DEVELOPMENT_TEAM = U9E7JWZWR9;
				INFOPLIST_FILE = guidelines/Info.plist;
				IPHONEOS_DEPLOYMENT_TARGET = 11.4;
				LD_RUNPATH_SEARCH_PATHS = (
					"$(inherited)",
					"@executable_path/Frameworks",
				);
				PRODUCT_BUNDLE_IDENTIFIER = Test.guidelines;
				PRODUCT_NAME = "$(TARGET_NAME)";
				SWIFT_VERSION = 5.0;
				TARGETED_DEVICE_FAMILY = "1,2";
			};
			name = Release;
		};
/* End XCBuildConfiguration section */

/* Begin XCConfigurationList section */
		1DFDE6FA246A925300F27918 /* Build configuration list for PBXProject "guidelines" */ = {
			isa = XCConfigurationList;
			buildConfigurations = (
				1DFDE711246A925700F27918 /* Debug */,
				1DFDE712246A925700F27918 /* Release */,
			);
			defaultConfigurationIsVisible = 0;
			defaultConfigurationName = Release;
		};
		1DFDE713246A925700F27918 /* Build configuration list for PBXNativeTarget "guidelines" */ = {
			isa = XCConfigurationList;
			buildConfigurations = (
				1DFDE714246A925700F27918 /* Debug */,
				1DFDE715246A925700F27918 /* Release */,
			);
			defaultConfigurationIsVisible = 0;
			defaultConfigurationName = Release;
		};
/* End XCConfigurationList section */
	};
	rootObject = 1DFDE6F7246A925300F27918 /* Project object */;
}
